
Microsoft Visual Studio Solution File, Format Version 12.00
# Visual Studio Version 16
VisualStudioVersion = 16.0.28922.388
MinimumVisualStudioVersion = 10.0.40219.1
Project("{FAE04EC0-301F-11D3-BF4B-00C04F79EFBC}") = "HeapTree", "HeapTree\HeapTree.csproj", "{6A0C9D1E-835B-4835-91E5-4609D5D15573}"
EndProject
Global
	GlobalSection(SolutionConfigurationPlatforms) = preSolution
		Debug|Any CPU = Debug|Any CPU
		Release|Any CPU = Release|Any CPU
	EndGlobalSection
	GlobalSection(ProjectConfigurationPlatforms) = postSolution
		{6A0C9D1E-835B-4835-91E5-4609D5D15573}.Debug|Any CPU.ActiveCfg = Debug|Any CPU
		{6A0C9D1E-835B-4835-91E5-4609D5D15573}.Debug|Any CPU.Build.0 = Debug|Any CPU
		{6A0C9D1E-835B-4835-91E5-4609D5D15573}.Release|Any CPU.ActiveCfg = Release|Any CPU
		{6A0C9D1E-835B-4835-91E5-4609D5D15573}.Release|Any CPU.Build.0 = Release|Any CPU
	EndGlobalSection
	GlobalSection(SolutionProperties) = preSolution
		HideSolutionNode = FALSE
	EndGlobalSection
	GlobalSection(ExtensibilityGlobals) = postSolution
		SolutionGuid = {2F1FA61B-EB08-4A85-98F1-CE6D0F10CB09}
	EndGlobalSection
EndGlobal
